
Microsoft Visual Studio Solution File, Format Version 12.00
# Visual Studio 14
VisualStudioVersion = 14.0.25420.1
MinimumVisualStudioVersion = 10.0.40219.1
Project("{FAE04EC0-301F-11D3-BF4B-00C04F79EFBC}") = "RimTrans", "RimTrans\RimTrans.csproj", "{4DBE780A-E078-4C58-9938-648ABA0BF457}"
EndProject
Project("{FAE04EC0-301F-11D3-BF4B-00C04F79EFBC}") = "RimTransGUI", "RimTransGUI\RimTransGUI.csproj", "{0CB260D3-A15C-4FF6-BF70-1BE6DE40FFC1}"
EndProject
Global
	GlobalSection(SolutionConfigurationPlatforms) = preSolution
		Debug|Any CPU = Debug|Any CPU
		Release|Any CPU = Release|Any CPU
	EndGlobalSection
	GlobalSection(ProjectConfigurationPlatforms) = postSolution
		{4DBE780A-E078-4C58-9938-648ABA0BF457}.Debug|Any CPU.ActiveCfg = Debug|Any CPU
		{4DBE780A-E078-4C58-9938-648ABA0BF457}.Debug|Any CPU.Build.0 = Debug|Any CPU
		{4DBE780A-E078-4C58-9938-648ABA0BF457}.Release|Any CPU.ActiveCfg = Release|Any CPU
		{4DBE780A-E078-4C58-9938-648ABA0BF457}.Release|Any CPU.Build.0 = Release|Any CPU
		{0CB260D3-A15C-4FF6-BF70-1BE6DE40FFC1}.Debug|Any CPU.ActiveCfg = Debug|Any CPU
		{0CB260D3-A15C-4FF6-BF70-1BE6DE40FFC1}.Debug|Any CPU.Build.0 = Debug|Any CPU
		{0CB260D3-A15C-4FF6-BF70-1BE6DE40FFC1}.Release|Any CPU.ActiveCfg = Release|Any CPU
		{0CB260D3-A15C-4FF6-BF70-1BE6DE40FFC1}.Release|Any CPU.Build.0 = Release|Any CPU
	EndGlobalSection
	GlobalSection(SolutionProperties) = preSolution
		HideSolutionNode = FALSE
	EndGlobalSection
EndGlobal
